
Microsoft Visual Studio Solution File, Format Version 9.00
# Visual Studio 2005
Project("{8BC9CEB8-8B4A-11D0-8D11-00A0C91BC942}") = "Format Output on C++", "Format Output on C++\Format Output on C++.vcproj", "{084A89EB-33E2-4241-A8B3-F5811E8083C5}"
EndProject
Global
	GlobalSection(SolutionConfigurationPlatforms) = preSolution
		Debug|Win32 = Debug|Win32
		Release|Win32 = Release|Win32
	EndGlobalSection
	GlobalSection(ProjectConfigurationPlatforms) = postSolution
		{084A89EB-33E2-4241-A8B3-F5811E8083C5}.Debug|Win32.ActiveCfg = Debug|Win32
		{084A89EB-33E2-4241-A8B3-F5811E8083C5}.Debug|Win32.Build.0 = Debug|Win32
		{084A89EB-33E2-4241-A8B3-F5811E8083C5}.Release|Win32.ActiveCfg = Release|Win32
		{084A89EB-33E2-4241-A8B3-F5811E8083C5}.Release|Win32.Build.0 = Release|Win32
	EndGlobalSection
	GlobalSection(SolutionProperties) = preSolution
		HideSolutionNode = FALSE
	EndGlobalSection
EndGlobal
