
Microsoft Visual Studio Solution File, Format Version 9.00
# Visual Studio 2005
Project("{8BC9CEB8-8B4A-11D0-8D11-00A0C91BC942}") = "Type modeling (Lab 7)", "Type modeling (Lab 7)\Type modeling (Lab 7).vcproj", "{E707C7D7-7364-4905-BDDC-705CA6508721}"
EndProject
Global
	GlobalSection(SolutionConfigurationPlatforms) = preSolution
		Debug|Win32 = Debug|Win32
		Release|Win32 = Release|Win32
	EndGlobalSection
	GlobalSection(ProjectConfigurationPlatforms) = postSolution
		{E707C7D7-7364-4905-BDDC-705CA6508721}.Debug|Win32.ActiveCfg = Debug|Win32
		{E707C7D7-7364-4905-BDDC-705CA6508721}.Debug|Win32.Build.0 = Debug|Win32
		{E707C7D7-7364-4905-BDDC-705CA6508721}.Release|Win32.ActiveCfg = Release|Win32
		{E707C7D7-7364-4905-BDDC-705CA6508721}.Release|Win32.Build.0 = Release|Win32
	EndGlobalSection
	GlobalSection(SolutionProperties) = preSolution
		HideSolutionNode = FALSE
	EndGlobalSection
EndGlobal
