
Microsoft Visual Studio Solution File, Format Version 12.00
# Visual Studio 15
VisualStudioVersion = 15.0.26730.16
MinimumVisualStudioVersion = 10.0.40219.1
Project("{2150E333-8FDC-42A3-9474-1A3956D46DE8}") = "Project13", "Project13", "{2E4C9510-4E1D-4731-9BF0-598965233F26}"
EndProject
Project("{FAE04EC0-301F-11D3-BF4B-00C04F79EFBC}") = "Project6_XMLHTTP", "Project6_XML\Project6_XMLHTTP.csproj", "{4990CE63-C034-4BA7-BBEA-BB5ED69A22FB}"
EndProject
Project("{FAE04EC0-301F-11D3-BF4B-00C04F79EFBC}") = "Project1_DBGenerate", "Project1_DBGenerate\Project1_DBGenerate.csproj", "{00051DB1-0E74-4ED4-869F-C2A95869DBFB}"
EndProject
Project("{FAE04EC0-301F-11D3-BF4B-00C04F79EFBC}") = "Project7_Serialize", "Project7_Serialize\Project7_Serialize.csproj", "{44561545-A69E-45B9-8698-607302526B07}"
EndProject
Project("{FAE04EC0-301F-11D3-BF4B-00C04F79EFBC}") = "Project2_XMLtoHTML", "Project2\Part3\Project2_XMLtoHTML\Project2_XMLtoHTML.csproj", "{5F3C6E83-41C6-4CBA-B84A-43611A8360D5}"
EndProject
Project("{FAE04EC0-301F-11D3-BF4B-00C04F79EFBC}") = "Project2_XMLDataExtract", "Project2\Part1\Project2_XMLDataExtract.csproj", "{120AA87C-4EE7-4B16-8B17-882BD0BC048E}"
EndProject
Project("{FAE04EC0-301F-11D3-BF4B-00C04F79EFBC}") = "Project4_XMLWrite", "Project4_XMLWrite\Project4_XMLWrite.csproj", "{3A5A242D-BACD-453D-AD67-E1B98314B3EC}"
EndProject
Project("{FAE04EC0-301F-11D3-BF4B-00C04F79EFBC}") = "Project4_XMLReader", "Project4_XMLReader\Project4_XMLReader.csproj", "{7B48EC0A-3F15-4F5A-A3AC-F28E9072D99C}"
EndProject
Project("{FAE04EC0-301F-11D3-BF4B-00C04F79EFBC}") = "Project4_XMLtoXML", "Project4_XMLtoXML\Project4_XMLtoXML.csproj", "{CEA77BF1-0BFD-4045-9B7E-9DE7F6870038}"
EndProject
Project("{FAE04EC0-301F-11D3-BF4B-00C04F79EFBC}") = "Project5_DOMforXML", "Project5_DOMforXML\Project5_DOMforXML.csproj", "{04207324-8230-4170-A426-453CE704526D}"
EndProject
Project("{FAE04EC0-301F-11D3-BF4B-00C04F79EFBC}") = "Project6_XslTransform", "Project6_XslTransform\Project6_XslTransform.csproj", "{A17095B0-6091-4928-BF07-53F66A35BDCB}"
EndProject
Project("{FAE04EC0-301F-11D3-BF4B-00C04F79EFBC}") = "Project3_XMLValidate", "Project3_XMLValidate\Project3_XMLValidate.csproj", "{BC6E9046-E70C-416A-8E08-3FBB12FDC5F5}"
EndProject
Project("{FAE04EC0-301F-11D3-BF4B-00C04F79EFBC}") = "Project3_XSDGen", "Project3_XSDGen\Project3_XSDGen.csproj", "{43F5230F-2E95-4AA0-A6E8-9EE023E73052}"
EndProject
Project("{FAE04EC0-301F-11D3-BF4B-00C04F79EFBC}") = "Project13_Exp1_Conn", "Project13_Example1\Project13_Exp1_Conn.csproj", "{A66F2502-1304-46EE-8E64-81A5633A2E41}"
EndProject
Project("{FAE04EC0-301F-11D3-BF4B-00C04F79EFBC}") = "Project13_Exp2_CmdScalar", "Project13_Exp2_CmdScalar\Project13_Exp2_CmdScalar.csproj", "{56266392-165F-45D2-9C50-4B798C2E7AFF}"
EndProject
Project("{FAE04EC0-301F-11D3-BF4B-00C04F79EFBC}") = "Project13_Exp3_CmdRead", "Project13_Exp3_CmdRead\Project13_Exp3_CmdRead.csproj", "{CF2CC3C3-2178-44AE-9AC0-6A3E98AD7CED}"
EndProject
Project("{FAE04EC0-301F-11D3-BF4B-00C04F79EFBC}") = "Project13_Exp4_CmdParams", "Project13_Exp4_CmdParams\Project13_Exp4_CmdParams.csproj", "{0BD3321B-FBA9-43FD-8B2F-B6605B147F84}"
EndProject
Project("{FAE04EC0-301F-11D3-BF4B-00C04F79EFBC}") = "Project13_Exp5_CallSP", "Project13_Exp5_CallSP\Project13_Exp5_CallSP.csproj", "{D69973B2-2EA1-4DFF-B3EE-11886E9FCED6}"
EndProject
Project("{FAE04EC0-301F-11D3-BF4B-00C04F79EFBC}") = "Project13_Exp6_CallSP2", "Project13_Exp6_CallSP2\Project13_Exp6_CallSP2.csproj", "{1CEEB2C5-6534-48FA-8FE3-3EF872125332}"
EndProject
Project("{FAE04EC0-301F-11D3-BF4B-00C04F79EFBC}") = "Project13_Exp7_PopDataSet", "Project13_Exp7_PopDataSet\Project13_Exp7_PopDataSet.csproj", "{09C5158A-1CD8-4163-A92C-FBF43CE6524E}"
EndProject
Project("{FAE04EC0-301F-11D3-BF4B-00C04F79EFBC}") = "Project13_Exp8_FilterSort", "Project13_Exp8_FilterSort\Project13_Exp8_FilterSort.csproj", "{1731189A-173B-40DC-87ED-4E60019D41BD}"
EndProject
Project("{FAE04EC0-301F-11D3-BF4B-00C04F79EFBC}") = "Project13_Exp10_WriteXML", "Project13_Exp10_WriteXML\Project13_Exp10_WriteXML.csproj", "{7764B8A6-ED83-43F2-B1D3-A1D4A14BC92C}"
EndProject
Project("{FAE04EC0-301F-11D3-BF4B-00C04F79EFBC}") = "Project13_Exp9_Update", "Project13_Exp9_Update\Project13_Exp9_Update.csproj", "{E46FBFD3-66CC-4281-B25E-BE503FD84D20}"
EndProject
Project("{006AC3C3-E446-4C8A-B35F-CBA0E2238D60}") = "Project10_CLRinSQL", "Project10_CLRinSQL\Project10_CLRinSQL.csproj", "{CA017A37-3449-4D6D-946D-151F06FE1251}"
EndProject
Project("{FAE04EC0-301F-11D3-BF4B-00C04F79EFBC}") = "Project12_LINQ1", "Project12_LINQ1\Project12_LINQ1.csproj", "{1F2B5993-BBB6-49C5-8C8B-8829C69AB4AF}"
EndProject
Project("{FAE04EC0-301F-11D3-BF4B-00C04F79EFBC}") = "Project12_LINQ2", "Project12_LINQ2\Project12_LINQ2.csproj", "{1C06DF57-02E3-422C-8418-D0433B76CEE2}"
EndProject
Global
	GlobalSection(SolutionConfigurationPlatforms) = preSolution
		Debug|Any CPU = Debug|Any CPU
		Release|Any CPU = Release|Any CPU
	EndGlobalSection
	GlobalSection(ProjectConfigurationPlatforms) = postSolution
		{4990CE63-C034-4BA7-BBEA-BB5ED69A22FB}.Debug|Any CPU.ActiveCfg = Debug|Any CPU
		{4990CE63-C034-4BA7-BBEA-BB5ED69A22FB}.Debug|Any CPU.Build.0 = Debug|Any CPU
		{4990CE63-C034-4BA7-BBEA-BB5ED69A22FB}.Release|Any CPU.ActiveCfg = Release|Any CPU
		{4990CE63-C034-4BA7-BBEA-BB5ED69A22FB}.Release|Any CPU.Build.0 = Release|Any CPU
		{00051DB1-0E74-4ED4-869F-C2A95869DBFB}.Debug|Any CPU.ActiveCfg = Debug|Any CPU
		{00051DB1-0E74-4ED4-869F-C2A95869DBFB}.Debug|Any CPU.Build.0 = Debug|Any CPU
		{00051DB1-0E74-4ED4-869F-C2A95869DBFB}.Release|Any CPU.ActiveCfg = Release|Any CPU
		{00051DB1-0E74-4ED4-869F-C2A95869DBFB}.Release|Any CPU.Build.0 = Release|Any CPU
		{44561545-A69E-45B9-8698-607302526B07}.Debug|Any CPU.ActiveCfg = Debug|Any CPU
		{44561545-A69E-45B9-8698-607302526B07}.Debug|Any CPU.Build.0 = Debug|Any CPU
		{44561545-A69E-45B9-8698-607302526B07}.Release|Any CPU.ActiveCfg = Release|Any CPU
		{44561545-A69E-45B9-8698-607302526B07}.Release|Any CPU.Build.0 = Release|Any CPU
		{5F3C6E83-41C6-4CBA-B84A-43611A8360D5}.Debug|Any CPU.ActiveCfg = Debug|Any CPU
		{5F3C6E83-41C6-4CBA-B84A-43611A8360D5}.Debug|Any CPU.Build.0 = Debug|Any CPU
		{5F3C6E83-41C6-4CBA-B84A-43611A8360D5}.Release|Any CPU.ActiveCfg = Release|Any CPU
		{5F3C6E83-41C6-4CBA-B84A-43611A8360D5}.Release|Any CPU.Build.0 = Release|Any CPU
		{120AA87C-4EE7-4B16-8B17-882BD0BC048E}.Debug|Any CPU.ActiveCfg = Debug|Any CPU
		{120AA87C-4EE7-4B16-8B17-882BD0BC048E}.Debug|Any CPU.Build.0 = Debug|Any CPU
		{120AA87C-4EE7-4B16-8B17-882BD0BC048E}.Release|Any CPU.ActiveCfg = Release|Any CPU
		{120AA87C-4EE7-4B16-8B17-882BD0BC048E}.Release|Any CPU.Build.0 = Release|Any CPU
		{3A5A242D-BACD-453D-AD67-E1B98314B3EC}.Debug|Any CPU.ActiveCfg = Debug|Any CPU
		{3A5A242D-BACD-453D-AD67-E1B98314B3EC}.Debug|Any CPU.Build.0 = Debug|Any CPU
		{3A5A242D-BACD-453D-AD67-E1B98314B3EC}.Release|Any CPU.ActiveCfg = Release|Any CPU
		{3A5A242D-BACD-453D-AD67-E1B98314B3EC}.Release|Any CPU.Build.0 = Release|Any CPU
		{7B48EC0A-3F15-4F5A-A3AC-F28E9072D99C}.Debug|Any CPU.ActiveCfg = Debug|Any CPU
		{7B48EC0A-3F15-4F5A-A3AC-F28E9072D99C}.Debug|Any CPU.Build.0 = Debug|Any CPU
		{7B48EC0A-3F15-4F5A-A3AC-F28E9072D99C}.Release|Any CPU.ActiveCfg = Release|Any CPU
		{7B48EC0A-3F15-4F5A-A3AC-F28E9072D99C}.Release|Any CPU.Build.0 = Release|Any CPU
		{CEA77BF1-0BFD-4045-9B7E-9DE7F6870038}.Debug|Any CPU.ActiveCfg = Debug|Any CPU
		{CEA77BF1-0BFD-4045-9B7E-9DE7F6870038}.Debug|Any CPU.Build.0 = Debug|Any CPU
		{CEA77BF1-0BFD-4045-9B7E-9DE7F6870038}.Release|Any CPU.ActiveCfg = Release|Any CPU
		{CEA77BF1-0BFD-4045-9B7E-9DE7F6870038}.Release|Any CPU.Build.0 = Release|Any CPU
		{04207324-8230-4170-A426-453CE704526D}.Debug|Any CPU.ActiveCfg = Debug|Any CPU
		{04207324-8230-4170-A426-453CE704526D}.Debug|Any CPU.Build.0 = Debug|Any CPU
		{04207324-8230-4170-A426-453CE704526D}.Release|Any CPU.ActiveCfg = Release|Any CPU
		{04207324-8230-4170-A426-453CE704526D}.Release|Any CPU.Build.0 = Release|Any CPU
		{A17095B0-6091-4928-BF07-53F66A35BDCB}.Debug|Any CPU.ActiveCfg = Debug|Any CPU
		{A17095B0-6091-4928-BF07-53F66A35BDCB}.Debug|Any CPU.Build.0 = Debug|Any CPU
		{A17095B0-6091-4928-BF07-53F66A35BDCB}.Release|Any CPU.ActiveCfg = Release|Any CPU
		{A17095B0-6091-4928-BF07-53F66A35BDCB}.Release|Any CPU.Build.0 = Release|Any CPU
		{BC6E9046-E70C-416A-8E08-3FBB12FDC5F5}.Debug|Any CPU.ActiveCfg = Debug|Any CPU
		{BC6E9046-E70C-416A-8E08-3FBB12FDC5F5}.Debug|Any CPU.Build.0 = Debug|Any CPU
		{BC6E9046-E70C-416A-8E08-3FBB12FDC5F5}.Release|Any CPU.ActiveCfg = Release|Any CPU
		{BC6E9046-E70C-416A-8E08-3FBB12FDC5F5}.Release|Any CPU.Build.0 = Release|Any CPU
		{43F5230F-2E95-4AA0-A6E8-9EE023E73052}.Debug|Any CPU.ActiveCfg = Debug|Any CPU
		{43F5230F-2E95-4AA0-A6E8-9EE023E73052}.Debug|Any CPU.Build.0 = Debug|Any CPU
		{43F5230F-2E95-4AA0-A6E8-9EE023E73052}.Release|Any CPU.ActiveCfg = Release|Any CPU
		{43F5230F-2E95-4AA0-A6E8-9EE023E73052}.Release|Any CPU.Build.0 = Release|Any CPU
		{A66F2502-1304-46EE-8E64-81A5633A2E41}.Debug|Any CPU.ActiveCfg = Debug|Any CPU
		{A66F2502-1304-46EE-8E64-81A5633A2E41}.Debug|Any CPU.Build.0 = Debug|Any CPU
		{A66F2502-1304-46EE-8E64-81A5633A2E41}.Release|Any CPU.ActiveCfg = Release|Any CPU
		{A66F2502-1304-46EE-8E64-81A5633A2E41}.Release|Any CPU.Build.0 = Release|Any CPU
		{56266392-165F-45D2-9C50-4B798C2E7AFF}.Debug|Any CPU.ActiveCfg = Debug|Any CPU
		{56266392-165F-45D2-9C50-4B798C2E7AFF}.Debug|Any CPU.Build.0 = Debug|Any CPU
		{56266392-165F-45D2-9C50-4B798C2E7AFF}.Release|Any CPU.ActiveCfg = Release|Any CPU
		{56266392-165F-45D2-9C50-4B798C2E7AFF}.Release|Any CPU.Build.0 = Release|Any CPU
		{CF2CC3C3-2178-44AE-9AC0-6A3E98AD7CED}.Debug|Any CPU.ActiveCfg = Debug|Any CPU
		{CF2CC3C3-2178-44AE-9AC0-6A3E98AD7CED}.Debug|Any CPU.Build.0 = Debug|Any CPU
		{CF2CC3C3-2178-44AE-9AC0-6A3E98AD7CED}.Release|Any CPU.ActiveCfg = Release|Any CPU
		{CF2CC3C3-2178-44AE-9AC0-6A3E98AD7CED}.Release|Any CPU.Build.0 = Release|Any CPU
		{0BD3321B-FBA9-43FD-8B2F-B6605B147F84}.Debug|Any CPU.ActiveCfg = Debug|Any CPU
		{0BD3321B-FBA9-43FD-8B2F-B6605B147F84}.Debug|Any CPU.Build.0 = Debug|Any CPU
		{0BD3321B-FBA9-43FD-8B2F-B6605B147F84}.Release|Any CPU.ActiveCfg = Release|Any CPU
		{0BD3321B-FBA9-43FD-8B2F-B6605B147F84}.Release|Any CPU.Build.0 = Release|Any CPU
		{D69973B2-2EA1-4DFF-B3EE-11886E9FCED6}.Debug|Any CPU.ActiveCfg = Debug|Any CPU
		{D69973B2-2EA1-4DFF-B3EE-11886E9FCED6}.Debug|Any CPU.Build.0 = Debug|Any CPU
		{D69973B2-2EA1-4DFF-B3EE-11886E9FCED6}.Release|Any CPU.ActiveCfg = Release|Any CPU
		{D69973B2-2EA1-4DFF-B3EE-11886E9FCED6}.Release|Any CPU.Build.0 = Release|Any CPU
		{1CEEB2C5-6534-48FA-8FE3-3EF872125332}.Debug|Any CPU.ActiveCfg = Debug|Any CPU
		{1CEEB2C5-6534-48FA-8FE3-3EF872125332}.Debug|Any CPU.Build.0 = Debug|Any CPU
		{1CEEB2C5-6534-48FA-8FE3-3EF872125332}.Release|Any CPU.ActiveCfg = Release|Any CPU
		{1CEEB2C5-6534-48FA-8FE3-3EF872125332}.Release|Any CPU.Build.0 = Release|Any CPU
		{09C5158A-1CD8-4163-A92C-FBF43CE6524E}.Debug|Any CPU.ActiveCfg = Debug|Any CPU
		{09C5158A-1CD8-4163-A92C-FBF43CE6524E}.Debug|Any CPU.Build.0 = Debug|Any CPU
		{09C5158A-1CD8-4163-A92C-FBF43CE6524E}.Release|Any CPU.ActiveCfg = Release|Any CPU
		{09C5158A-1CD8-4163-A92C-FBF43CE6524E}.Release|Any CPU.Build.0 = Release|Any CPU
		{1731189A-173B-40DC-87ED-4E60019D41BD}.Debug|Any CPU.ActiveCfg = Debug|Any CPU
		{1731189A-173B-40DC-87ED-4E60019D41BD}.Debug|Any CPU.Build.0 = Debug|Any CPU
		{1731189A-173B-40DC-87ED-4E60019D41BD}.Release|Any CPU.ActiveCfg = Release|Any CPU
		{1731189A-173B-40DC-87ED-4E60019D41BD}.Release|Any CPU.Build.0 = Release|Any CPU
		{7764B8A6-ED83-43F2-B1D3-A1D4A14BC92C}.Debug|Any CPU.ActiveCfg = Debug|Any CPU
		{7764B8A6-ED83-43F2-B1D3-A1D4A14BC92C}.Debug|Any CPU.Build.0 = Debug|Any CPU
		{7764B8A6-ED83-43F2-B1D3-A1D4A14BC92C}.Release|Any CPU.ActiveCfg = Release|Any CPU
		{7764B8A6-ED83-43F2-B1D3-A1D4A14BC92C}.Release|Any CPU.Build.0 = Release|Any CPU
		{E46FBFD3-66CC-4281-B25E-BE503FD84D20}.Debug|Any CPU.ActiveCfg = Debug|Any CPU
		{E46FBFD3-66CC-4281-B25E-BE503FD84D20}.Debug|Any CPU.Build.0 = Debug|Any CPU
		{E46FBFD3-66CC-4281-B25E-BE503FD84D20}.Release|Any CPU.ActiveCfg = Release|Any CPU
		{E46FBFD3-66CC-4281-B25E-BE503FD84D20}.Release|Any CPU.Build.0 = Release|Any CPU
		{CA017A37-3449-4D6D-946D-151F06FE1251}.Debug|Any CPU.ActiveCfg = Debug|Any CPU
		{CA017A37-3449-4D6D-946D-151F06FE1251}.Debug|Any CPU.Build.0 = Debug|Any CPU
		{CA017A37-3449-4D6D-946D-151F06FE1251}.Debug|Any CPU.Deploy.0 = Debug|Any CPU
		{CA017A37-3449-4D6D-946D-151F06FE1251}.Release|Any CPU.ActiveCfg = Release|Any CPU
		{CA017A37-3449-4D6D-946D-151F06FE1251}.Release|Any CPU.Build.0 = Release|Any CPU
		{CA017A37-3449-4D6D-946D-151F06FE1251}.Release|Any CPU.Deploy.0 = Release|Any CPU
		{1F2B5993-BBB6-49C5-8C8B-8829C69AB4AF}.Debug|Any CPU.ActiveCfg = Debug|Any CPU
		{1F2B5993-BBB6-49C5-8C8B-8829C69AB4AF}.Debug|Any CPU.Build.0 = Debug|Any CPU
		{1F2B5993-BBB6-49C5-8C8B-8829C69AB4AF}.Release|Any CPU.ActiveCfg = Release|Any CPU
		{1F2B5993-BBB6-49C5-8C8B-8829C69AB4AF}.Release|Any CPU.Build.0 = Release|Any CPU
		{1C06DF57-02E3-422C-8418-D0433B76CEE2}.Debug|Any CPU.ActiveCfg = Debug|Any CPU
		{1C06DF57-02E3-422C-8418-D0433B76CEE2}.Debug|Any CPU.Build.0 = Debug|Any CPU
		{1C06DF57-02E3-422C-8418-D0433B76CEE2}.Release|Any CPU.ActiveCfg = Release|Any CPU
		{1C06DF57-02E3-422C-8418-D0433B76CEE2}.Release|Any CPU.Build.0 = Release|Any CPU
	EndGlobalSection
	GlobalSection(SolutionProperties) = preSolution
		HideSolutionNode = FALSE
	EndGlobalSection
	GlobalSection(NestedProjects) = preSolution
		{A66F2502-1304-46EE-8E64-81A5633A2E41} = {2E4C9510-4E1D-4731-9BF0-598965233F26}
		{56266392-165F-45D2-9C50-4B798C2E7AFF} = {2E4C9510-4E1D-4731-9BF0-598965233F26}
		{CF2CC3C3-2178-44AE-9AC0-6A3E98AD7CED} = {2E4C9510-4E1D-4731-9BF0-598965233F26}
		{0BD3321B-FBA9-43FD-8B2F-B6605B147F84} = {2E4C9510-4E1D-4731-9BF0-598965233F26}
		{D69973B2-2EA1-4DFF-B3EE-11886E9FCED6} = {2E4C9510-4E1D-4731-9BF0-598965233F26}
		{1CEEB2C5-6534-48FA-8FE3-3EF872125332} = {2E4C9510-4E1D-4731-9BF0-598965233F26}
		{09C5158A-1CD8-4163-A92C-FBF43CE6524E} = {2E4C9510-4E1D-4731-9BF0-598965233F26}
		{1731189A-173B-40DC-87ED-4E60019D41BD} = {2E4C9510-4E1D-4731-9BF0-598965233F26}
		{7764B8A6-ED83-43F2-B1D3-A1D4A14BC92C} = {2E4C9510-4E1D-4731-9BF0-598965233F26}
		{E46FBFD3-66CC-4281-B25E-BE503FD84D20} = {2E4C9510-4E1D-4731-9BF0-598965233F26}
	EndGlobalSection
	GlobalSection(ExtensibilityGlobals) = postSolution
		SolutionGuid = {747FEA93-4AAA-4C7D-87E4-9AB9AFE93666}
	EndGlobalSection
EndGlobal
